
Microsoft Visual Studio Solution File, Format Version 12.00
# Visual Studio 15
VisualStudioVersion = 15.0.28307.136
MinimumVisualStudioVersion = 10.0.40219.1
Project("{FAE04EC0-301F-11D3-BF4B-00C04F79EFBC}") = "Flertrådet Server", "Flertrådet Server\Flertrådet Server.csproj", "{1A41E4D7-DE3B-46A4-A2D3-F748C1CF6FED}"
EndProject
Global
	GlobalSection(SolutionConfigurationPlatforms) = preSolution
		Debug|Any CPU = Debug|Any CPU
		Release|Any CPU = Release|Any CPU
	EndGlobalSection
	GlobalSection(ProjectConfigurationPlatforms) = postSolution
		{1A41E4D7-DE3B-46A4-A2D3-F748C1CF6FED}.Debug|Any CPU.ActiveCfg = Debug|Any CPU
		{1A41E4D7-DE3B-46A4-A2D3-F748C1CF6FED}.Debug|Any CPU.Build.0 = Debug|Any CPU
		{1A41E4D7-DE3B-46A4-A2D3-F748C1CF6FED}.Release|Any CPU.ActiveCfg = Release|Any CPU
		{1A41E4D7-DE3B-46A4-A2D3-F748C1CF6FED}.Release|Any CPU.Build.0 = Release|Any CPU
	EndGlobalSection
	GlobalSection(SolutionProperties) = preSolution
		HideSolutionNode = FALSE
	EndGlobalSection
	GlobalSection(ExtensibilityGlobals) = postSolution
		SolutionGuid = {6E292E09-0443-4704-AB9D-24FD614EB317}
	EndGlobalSection
EndGlobal
